
Microsoft Visual Studio Solution File, Format Version 12.00
# Visual Studio 14
VisualStudioVersion = 14.0.25420.1
MinimumVisualStudioVersion = 10.0.40219.1
Project("{FAE04EC0-301F-11D3-BF4B-00C04F79EFBC}") = "V3.2-Servidor-Server", "V3.2-Servidor-Server\V3.2-Servidor-Server.csproj", "{DFCD7A69-6147-488C-8327-F164C5BD536B}"
EndProject
Global
	GlobalSection(SolutionConfigurationPlatforms) = preSolution
		Debug|Any CPU = Debug|Any CPU
		Release|Any CPU = Release|Any CPU
	EndGlobalSection
	GlobalSection(ProjectConfigurationPlatforms) = postSolution
		{DFCD7A69-6147-488C-8327-F164C5BD536B}.Debug|Any CPU.ActiveCfg = Debug|Any CPU
		{DFCD7A69-6147-488C-8327-F164C5BD536B}.Debug|Any CPU.Build.0 = Debug|Any CPU
		{DFCD7A69-6147-488C-8327-F164C5BD536B}.Release|Any CPU.ActiveCfg = Release|Any CPU
		{DFCD7A69-6147-488C-8327-F164C5BD536B}.Release|Any CPU.Build.0 = Release|Any CPU
	EndGlobalSection
	GlobalSection(SolutionProperties) = preSolution
		HideSolutionNode = FALSE
	EndGlobalSection
EndGlobal
